# This file is automatically @generated by Cargo.
# It is not intended for manual editing.
version = 4

[[package]]
name = "allocator-api2"
version = "0.4.0"
source = "registry+https://github.com/rust-lang/crates.io-index"
checksum = "c880a97d28a3681c0267bd29cff89621202715b065127cd445fa0f0fe0aa2880"

[[package]]
name = "libc_common"
version = "0.1.0"

[[package]]
name = "libc_standalone"
version = "0.1.0"
dependencies = [
 "libc_common",
 "talc",
]

[[package]]
name = "lock_api"
version = "0.4.14"
source = "registry+https://github.com/rust-lang/crates.io-index"
checksum = "224399e74b87b5f3557511d98dff8b14089b3dadafcab6bb93eab67d3aace965"
dependencies = [
 "scopeguard",
]

[[package]]
name = "scopeguard"
version = "1.2.0"
source = "registry+https://github.com/rust-lang/crates.io-index"
checksum = "94143f37725109f92c262ed2cf5e59bce7498c01bcc1502d7b9afe439a4e9f49"

[[package]]
name = "talc"
version = "5.0.3"
source = "registry+https://github.com/rust-lang/crates.io-index"
checksum = "3081e3f3ad542dc4cd0ae720f752598f8880fd364dc2d031132e3509f673aa23"
dependencies = [
 "allocator-api2",
 "lock_api",
]
